
Microsoft Visual Studio Solution File, Format Version 12.00
# Visual Studio Version 17
VisualStudioVersion = 17.0.31903.59
MinimumVisualStudioVersion = 10.0.40219.1
Project("{FAE04EC0-301F-11D3-BF4B-00C04F79EFBC}") = "eCommerce", "eCommerce\eCommerce.csproj", "{8FA08E3E-DD8A-4487-9D8E-0793EEBC1F49}"
EndProject
Project("{FAE04EC0-301F-11D3-BF4B-00C04F79EFBC}") = "Library.eCommerce", "Library.eCommerce\Library.eCommerce.csproj", "{EF9C430C-A151-47D8-A134-0785219763B1}"
EndProject
Project("{FAE04EC0-301F-11D3-BF4B-00C04F79EFBC}") = "Maui.eCommerce", "Maui.eCommerce\Maui.eCommerce.csproj", "{06F5F977-A582-4057-A761-0DEE5E5A0570}"
EndProject
Project("{2150E333-8FDC-42A3-9474-1A3956D46DE8}") = "gitignore", "gitignore", "{8EC462FD-D22E-90A8-E5CE-7E832BA40C5D}"
	ProjectSection(SolutionItems) = preProject
		.gitignore = .gitignore
	EndProjectSection
EndProject
Global
	GlobalSection(SolutionConfigurationPlatforms) = preSolution
		Debug|Any CPU = Debug|Any CPU
		Debug|x64 = Debug|x64
		Debug|x86 = Debug|x86
		Release|Any CPU = Release|Any CPU
		Release|x64 = Release|x64
		Release|x86 = Release|x86
	EndGlobalSection
	GlobalSection(ProjectConfigurationPlatforms) = postSolution
		{8FA08E3E-DD8A-4487-9D8E-0793EEBC1F49}.Debug|Any CPU.ActiveCfg = Debug|Any CPU
		{8FA08E3E-DD8A-4487-9D8E-0793EEBC1F49}.Debug|Any CPU.Build.0 = Debug|Any CPU
		{8FA08E3E-DD8A-4487-9D8E-0793EEBC1F49}.Debug|x64.ActiveCfg = Debug|Any CPU
		{8FA08E3E-DD8A-4487-9D8E-0793EEBC1F49}.Debug|x64.Build.0 = Debug|Any CPU
		{8FA08E3E-DD8A-4487-9D8E-0793EEBC1F49}.Debug|x86.ActiveCfg = Debug|Any CPU
		{8FA08E3E-DD8A-4487-9D8E-0793EEBC1F49}.Debug|x86.Build.0 = Debug|Any CPU
		{8FA08E3E-DD8A-4487-9D8E-0793EEBC1F49}.Release|Any CPU.ActiveCfg = Release|Any CPU
		{8FA08E3E-DD8A-4487-9D8E-0793EEBC1F49}.Release|Any CPU.Build.0 = Release|Any CPU
		{8FA08E3E-DD8A-4487-9D8E-0793EEBC1F49}.Release|x64.ActiveCfg = Release|Any CPU
		{8FA08E3E-DD8A-4487-9D8E-0793EEBC1F49}.Release|x64.Build.0 = Release|Any CPU
		{8FA08E3E-DD8A-4487-9D8E-0793EEBC1F49}.Release|x86.ActiveCfg = Release|Any CPU
		{8FA08E3E-DD8A-4487-9D8E-0793EEBC1F49}.Release|x86.Build.0 = Release|Any CPU
		{EF9C430C-A151-47D8-A134-0785219763B1}.Debug|Any CPU.ActiveCfg = Debug|Any CPU
		{EF9C430C-A151-47D8-A134-0785219763B1}.Debug|Any CPU.Build.0 = Debug|Any CPU
		{EF9C430C-A151-47D8-A134-0785219763B1}.Debug|x64.ActiveCfg = Debug|Any CPU
		{EF9C430C-A151-47D8-A134-0785219763B1}.Debug|x64.Build.0 = Debug|Any CPU
		{EF9C430C-A151-47D8-A134-0785219763B1}.Debug|x86.ActiveCfg = Debug|Any CPU
		{EF9C430C-A151-47D8-A134-0785219763B1}.Debug|x86.Build.0 = Debug|Any CPU
		{EF9C430C-A151-47D8-A134-0785219763B1}.Release|Any CPU.ActiveCfg = Release|Any CPU
		{EF9C430C-A151-47D8-A134-0785219763B1}.Release|Any CPU.Build.0 = Release|Any CPU
		{EF9C430C-A151-47D8-A134-0785219763B1}.Release|x64.ActiveCfg = Release|Any CPU
		{EF9C430C-A151-47D8-A134-0785219763B1}.Release|x64.Build.0 = Release|Any CPU
		{EF9C430C-A151-47D8-A134-0785219763B1}.Release|x86.ActiveCfg = Release|Any CPU
		{EF9C430C-A151-47D8-A134-0785219763B1}.Release|x86.Build.0 = Release|Any CPU
		{06F5F977-A582-4057-A761-0DEE5E5A0570}.Debug|Any CPU.ActiveCfg = Debug|Any CPU
		{06F5F977-A582-4057-A761-0DEE5E5A0570}.Debug|Any CPU.Build.0 = Debug|Any CPU
		{06F5F977-A582-4057-A761-0DEE5E5A0570}.Debug|Any CPU.Deploy.0 = Debug|Any CPU
		{06F5F977-A582-4057-A761-0DEE5E5A0570}.Debug|x64.ActiveCfg = Debug|Any CPU
		{06F5F977-A582-4057-A761-0DEE5E5A0570}.Debug|x64.Build.0 = Debug|Any CPU
		{06F5F977-A582-4057-A761-0DEE5E5A0570}.Debug|x86.ActiveCfg = Debug|Any CPU
		{06F5F977-A582-4057-A761-0DEE5E5A0570}.Debug|x86.Build.0 = Debug|Any CPU
		{06F5F977-A582-4057-A761-0DEE5E5A0570}.Release|Any CPU.ActiveCfg = Release|Any CPU
		{06F5F977-A582-4057-A761-0DEE5E5A0570}.Release|Any CPU.Build.0 = Release|Any CPU
		{06F5F977-A582-4057-A761-0DEE5E5A0570}.Release|x64.ActiveCfg = Release|Any CPU
		{06F5F977-A582-4057-A761-0DEE5E5A0570}.Release|x64.Build.0 = Release|Any CPU
		{06F5F977-A582-4057-A761-0DEE5E5A0570}.Release|x86.ActiveCfg = Release|Any CPU
		{06F5F977-A582-4057-A761-0DEE5E5A0570}.Release|x86.Build.0 = Release|Any CPU
	EndGlobalSection
	GlobalSection(SolutionProperties) = preSolution
		HideSolutionNode = FALSE
	EndGlobalSection
	GlobalSection(ExtensibilityGlobals) = postSolution
		SolutionGuid = {E31202B4-08F2-4F33-8223-B9644508EFC4}
	EndGlobalSection
EndGlobal
